
Microsoft Visual Studio Solution File, Format Version 12.00
# Visual Studio Version 17
VisualStudioVersion = 17.11.35222.181
MinimumVisualStudioVersion = 10.0.40219.1
Project("{9A19103F-16F7-4668-BE54-9A1E7A4F7556}") = "AMLDotNetCore.ConsoleApp", "AMLDotNetCore.ConsoleApp\AMLDotNetCore.ConsoleApp.csproj", "{6B65EDB3-AF09-4926-8EEF-46F9B8501C05}"
EndProject
Project("{2150E333-8FDC-42A3-9474-1A3956D46DE8}") = "Documents", "Documents", "{603A289D-DCD0-4789-82D0-BE2B4C9D2F2E}"
	ProjectSection(SolutionItems) = preProject
		README.md = README.md
	EndProjectSection
EndProject
Project("{FAE04EC0-301F-11D3-BF4B-00C04F79EFBC}") = "AMLDotNetCore.DataBase", "AMLDotNetCore.DataBase\AMLDotNetCore.DataBase.csproj", "{1BB74CD8-C17B-4D43-8734-229F041814AA}"
EndProject
Project("{FAE04EC0-301F-11D3-BF4B-00C04F79EFBC}") = "AMLDotNetCore.ConsoleApp2", "AMLDotNetCore.ConsoleApp2\AMLDotNetCore.ConsoleApp2.csproj", "{AFBE87A2-714C-485B-8730-5D1FFB183646}"
EndProject
Global
	GlobalSection(SolutionConfigurationPlatforms) = preSolution
		Debug|Any CPU = Debug|Any CPU
		Release|Any CPU = Release|Any CPU
	EndGlobalSection
	GlobalSection(ProjectConfigurationPlatforms) = postSolution
		{6B65EDB3-AF09-4926-8EEF-46F9B8501C05}.Debug|Any CPU.ActiveCfg = Debug|Any CPU
		{6B65EDB3-AF09-4926-8EEF-46F9B8501C05}.Debug|Any CPU.Build.0 = Debug|Any CPU
		{6B65EDB3-AF09-4926-8EEF-46F9B8501C05}.Release|Any CPU.ActiveCfg = Release|Any CPU
		{6B65EDB3-AF09-4926-8EEF-46F9B8501C05}.Release|Any CPU.Build.0 = Release|Any CPU
		{1BB74CD8-C17B-4D43-8734-229F041814AA}.Debug|Any CPU.ActiveCfg = Debug|Any CPU
		{1BB74CD8-C17B-4D43-8734-229F041814AA}.Debug|Any CPU.Build.0 = Debug|Any CPU
		{1BB74CD8-C17B-4D43-8734-229F041814AA}.Release|Any CPU.ActiveCfg = Release|Any CPU
		{1BB74CD8-C17B-4D43-8734-229F041814AA}.Release|Any CPU.Build.0 = Release|Any CPU
		{AFBE87A2-714C-485B-8730-5D1FFB183646}.Debug|Any CPU.ActiveCfg = Debug|Any CPU
		{AFBE87A2-714C-485B-8730-5D1FFB183646}.Debug|Any CPU.Build.0 = Debug|Any CPU
		{AFBE87A2-714C-485B-8730-5D1FFB183646}.Release|Any CPU.ActiveCfg = Release|Any CPU
		{AFBE87A2-714C-485B-8730-5D1FFB183646}.Release|Any CPU.Build.0 = Release|Any CPU
	EndGlobalSection
	GlobalSection(SolutionProperties) = preSolution
		HideSolutionNode = FALSE
	EndGlobalSection
	GlobalSection(ExtensibilityGlobals) = postSolution
		SolutionGuid = {8528791B-BCA8-4D95-ACC7-775437FB2DBD}
	EndGlobalSection
EndGlobal
