
Microsoft Visual Studio Solution File, Format Version 12.00
# Visual Studio Version 17
VisualStudioVersion = 17.11.35222.181
MinimumVisualStudioVersion = 10.0.40219.1
Project("{9A19103F-16F7-4668-BE54-9A1E7A4F7556}") = "AMLDotNetCore.ConsoleApp", "AMLDotNetCore.ConsoleApp\AMLDotNetCore.ConsoleApp.csproj", "{6B65EDB3-AF09-4926-8EEF-46F9B8501C05}"
EndProject
Project("{2150E333-8FDC-42A3-9474-1A3956D46DE8}") = "Documents", "Documents", "{603A289D-DCD0-4789-82D0-BE2B4C9D2F2E}"
	ProjectSection(SolutionItems) = preProject
		README.md = README.md
	EndProjectSection
EndProject
Project("{9A19103F-16F7-4668-BE54-9A1E7A4F7556}") = "AMLDotNetCore.DataBase", "AMLDotNetCore.DataBase\AMLDotNetCore.DataBase.csproj", "{1BB74CD8-C17B-4D43-8734-229F041814AA}"
EndProject
Project("{9A19103F-16F7-4668-BE54-9A1E7A4F7556}") = "AMLDotNetCore.ConsoleApp2", "AMLDotNetCore.ConsoleApp2\AMLDotNetCore.ConsoleApp2.csproj", "{AFBE87A2-714C-485B-8730-5D1FFB183646}"
EndProject
Project("{9A19103F-16F7-4668-BE54-9A1E7A4F7556}") = "AMLDotNetCore.RestApi", "AMLDotNetCore.RestApi\AMLDotNetCore.RestApi.csproj", "{994B821A-9B56-4C4E-9514-1491FA1666E1}"
EndProject
Project("{9A19103F-16F7-4668-BE54-9A1E7A4F7556}") = "AMLDotNetCore.TaskManagementRestAPI", "AMLDotNetCore.TaskManagementRestAPI\AMLDotNetCore.TaskManagementRestAPI.csproj", "{FABBF0A5-6504-4F3A-830A-B42C22BD716D}"
EndProject
Project("{9A19103F-16F7-4668-BE54-9A1E7A4F7556}") = "AMLDotNetCore.Shared", "AMLDotNetCore.Shared\AMLDotNetCore.Shared.csproj", "{C8F82181-1848-4B34-9454-AA3460B74C42}"
EndProject
Project("{9A19103F-16F7-4668-BE54-9A1E7A4F7556}") = "AMLDotNetCore.MinimalApi", "AMLDotNetCore.MinimalApi\AMLDotNetCore.MinimalApi.csproj", "{3699CD25-03AE-4681-8C7B-83E866AD5F22}"
EndProject
Project("{9A19103F-16F7-4668-BE54-9A1E7A4F7556}") = "AMLDotNetCore.BirdMinimalApi", "AMLDotNetCore.BirdMinimalApi\AMLDotNetCore.BirdMinimalApi.csproj", "{C911C61D-06C3-46A1-86A8-7E70E3A741B2}"
EndProject
Project("{9A19103F-16F7-4668-BE54-9A1E7A4F7556}") = "AMLDotNetCore.Domain", "AMLDotNetCore.Domain\AMLDotNetCore.Domain.csproj", "{CF83697B-043C-4897-992C-FEDAFBBC4B44}"
EndProject
Project("{9A19103F-16F7-4668-BE54-9A1E7A4F7556}") = "AMLDotNetCore.MiniKpayAPI", "AMLDotNetCore.MiniKpayAPI\AMLDotNetCore.MiniKpayAPI.csproj", "{80B9AFA0-F735-477B-A943-2F1F13E9C0B6}"
EndProject
Project("{9A19103F-16F7-4668-BE54-9A1E7A4F7556}") = "AMLDotNetCore.MiniKpayDatabase", "AMLDotNetCore.MiniKpayDatabase\AMLDotNetCore.MiniKpayDatabase.csproj", "{0B275AA8-1659-4F25-B7A7-12DC9CAC6982}"
EndProject
Project("{9A19103F-16F7-4668-BE54-9A1E7A4F7556}") = "AMLDotNetCore.MiniKpayDomian", "AMLDotNetCore.MiniKpayDomian\AMLDotNetCore.MiniKpayDomian.csproj", "{F2AC0861-B774-4881-9845-9BEFCEC79C2F}"
EndProject
Project("{9A19103F-16F7-4668-BE54-9A1E7A4F7556}") = "AMLDotNetCore.MiniDigitalWallet.Database", "AMLDotNetCore.MiniDigitalWallet.Database\AMLDotNetCore.MiniDigitalWallet.Database.csproj", "{53BE12C0-A619-42A4-A172-14DFF6FAD179}"
EndProject
Project("{9A19103F-16F7-4668-BE54-9A1E7A4F7556}") = "AMLDotNetCore.MiniDigitalWallet.Api", "AMLDotNetCore.MiniDigitalWallet.Api\AMLDotNetCore.MiniDigitalWallet.Api.csproj", "{C9E0A684-BF87-474D-909D-FF5E84433F92}"
EndProject
Project("{9A19103F-16F7-4668-BE54-9A1E7A4F7556}") = "AMLDotNetCore.MiniDigitalWallet.Domain", "AMLDotNetCore.MiniDigitalWallet.Domain\AMLDotNetCore.MiniDigitalWallet.Domain.csproj", "{4244C4B0-A69D-4C0E-883A-AF8DF9B16CA6}"
EndProject
Project("{9A19103F-16F7-4668-BE54-9A1E7A4F7556}") = "AMLDotNetCore.ConsoleApp3", "AMLDotNetCore.ConsoleApp3\AMLDotNetCore.ConsoleApp3.csproj", "{EFBBEC1B-C278-4D93-99D6-6640B78EE7CD}"
EndProject
Project("{9A19103F-16F7-4668-BE54-9A1E7A4F7556}") = "AMLDotNetCore.RestApi2", "AMLDotNetCore.RestApi2\AMLDotNetCore.RestApi2.csproj", "{829CED9E-4BD6-4039-AA8C-4B303EBDD22A}"
EndProject
Project("{9A19103F-16F7-4668-BE54-9A1E7A4F7556}") = "AMLDotNetCore.MvcApp", "AMLDotNetCore.MvcApp\AMLDotNetCore.MvcApp.csproj", "{FDA2B3D8-23BD-42AB-B93A-91F9309B1DD7}"
EndProject
Project("{9A19103F-16F7-4668-BE54-9A1E7A4F7556}") = "AMLDotNetCore.Project1.MvcApp", "AMLDotNetCore.Project1.MvcApp\AMLDotNetCore.Project1.MvcApp.csproj", "{874F7C0A-A491-40AD-A17F-36805ACF9DBD}"
EndProject
Project("{9A19103F-16F7-4668-BE54-9A1E7A4F7556}") = "AMLDotNetCore.Project1.Api", "AMLDotNetCore.Project1.Api\AMLDotNetCore.Project1.Api.csproj", "{0DC661B9-B69E-41D7-AFD2-1C00E2EA36AF}"
EndProject
Project("{9A19103F-16F7-4668-BE54-9A1E7A4F7556}") = "AMLDotNetCore.BlazorWasm", "AMLDotNetCore.BlazorWasm\AMLDotNetCore.BlazorWasm.csproj", "{D6094101-36B6-4425-B4BA-05AA32FFE76B}"
EndProject
Global
	GlobalSection(SolutionConfigurationPlatforms) = preSolution
		Debug|Any CPU = Debug|Any CPU
		Release|Any CPU = Release|Any CPU
	EndGlobalSection
	GlobalSection(ProjectConfigurationPlatforms) = postSolution
		{6B65EDB3-AF09-4926-8EEF-46F9B8501C05}.Debug|Any CPU.ActiveCfg = Debug|Any CPU
		{6B65EDB3-AF09-4926-8EEF-46F9B8501C05}.Debug|Any CPU.Build.0 = Debug|Any CPU
		{6B65EDB3-AF09-4926-8EEF-46F9B8501C05}.Release|Any CPU.ActiveCfg = Release|Any CPU
		{6B65EDB3-AF09-4926-8EEF-46F9B8501C05}.Release|Any CPU.Build.0 = Release|Any CPU
		{1BB74CD8-C17B-4D43-8734-229F041814AA}.Debug|Any CPU.ActiveCfg = Debug|Any CPU
		{1BB74CD8-C17B-4D43-8734-229F041814AA}.Debug|Any CPU.Build.0 = Debug|Any CPU
		{1BB74CD8-C17B-4D43-8734-229F041814AA}.Release|Any CPU.ActiveCfg = Release|Any CPU
		{1BB74CD8-C17B-4D43-8734-229F041814AA}.Release|Any CPU.Build.0 = Release|Any CPU
		{AFBE87A2-714C-485B-8730-5D1FFB183646}.Debug|Any CPU.ActiveCfg = Debug|Any CPU
		{AFBE87A2-714C-485B-8730-5D1FFB183646}.Debug|Any CPU.Build.0 = Debug|Any CPU
		{AFBE87A2-714C-485B-8730-5D1FFB183646}.Release|Any CPU.ActiveCfg = Release|Any CPU
		{AFBE87A2-714C-485B-8730-5D1FFB183646}.Release|Any CPU.Build.0 = Release|Any CPU
		{994B821A-9B56-4C4E-9514-1491FA1666E1}.Debug|Any CPU.ActiveCfg = Debug|Any CPU
		{994B821A-9B56-4C4E-9514-1491FA1666E1}.Debug|Any CPU.Build.0 = Debug|Any CPU
		{994B821A-9B56-4C4E-9514-1491FA1666E1}.Release|Any CPU.ActiveCfg = Release|Any CPU
		{994B821A-9B56-4C4E-9514-1491FA1666E1}.Release|Any CPU.Build.0 = Release|Any CPU
		{FABBF0A5-6504-4F3A-830A-B42C22BD716D}.Debug|Any CPU.ActiveCfg = Debug|Any CPU
		{FABBF0A5-6504-4F3A-830A-B42C22BD716D}.Debug|Any CPU.Build.0 = Debug|Any CPU
		{FABBF0A5-6504-4F3A-830A-B42C22BD716D}.Release|Any CPU.ActiveCfg = Release|Any CPU
		{FABBF0A5-6504-4F3A-830A-B42C22BD716D}.Release|Any CPU.Build.0 = Release|Any CPU
		{C8F82181-1848-4B34-9454-AA3460B74C42}.Debug|Any CPU.ActiveCfg = Debug|Any CPU
		{C8F82181-1848-4B34-9454-AA3460B74C42}.Debug|Any CPU.Build.0 = Debug|Any CPU
		{C8F82181-1848-4B34-9454-AA3460B74C42}.Release|Any CPU.ActiveCfg = Release|Any CPU
		{C8F82181-1848-4B34-9454-AA3460B74C42}.Release|Any CPU.Build.0 = Release|Any CPU
		{3699CD25-03AE-4681-8C7B-83E866AD5F22}.Debug|Any CPU.ActiveCfg = Debug|Any CPU
		{3699CD25-03AE-4681-8C7B-83E866AD5F22}.Debug|Any CPU.Build.0 = Debug|Any CPU
		{3699CD25-03AE-4681-8C7B-83E866AD5F22}.Release|Any CPU.ActiveCfg = Release|Any CPU
		{3699CD25-03AE-4681-8C7B-83E866AD5F22}.Release|Any CPU.Build.0 = Release|Any CPU
		{C911C61D-06C3-46A1-86A8-7E70E3A741B2}.Debug|Any CPU.ActiveCfg = Debug|Any CPU
		{C911C61D-06C3-46A1-86A8-7E70E3A741B2}.Debug|Any CPU.Build.0 = Debug|Any CPU
		{C911C61D-06C3-46A1-86A8-7E70E3A741B2}.Release|Any CPU.ActiveCfg = Release|Any CPU
		{C911C61D-06C3-46A1-86A8-7E70E3A741B2}.Release|Any CPU.Build.0 = Release|Any CPU
		{CF83697B-043C-4897-992C-FEDAFBBC4B44}.Debug|Any CPU.ActiveCfg = Debug|Any CPU
		{CF83697B-043C-4897-992C-FEDAFBBC4B44}.Debug|Any CPU.Build.0 = Debug|Any CPU
		{CF83697B-043C-4897-992C-FEDAFBBC4B44}.Release|Any CPU.ActiveCfg = Release|Any CPU
		{CF83697B-043C-4897-992C-FEDAFBBC4B44}.Release|Any CPU.Build.0 = Release|Any CPU
		{80B9AFA0-F735-477B-A943-2F1F13E9C0B6}.Debug|Any CPU.ActiveCfg = Debug|Any CPU
		{80B9AFA0-F735-477B-A943-2F1F13E9C0B6}.Debug|Any CPU.Build.0 = Debug|Any CPU
		{80B9AFA0-F735-477B-A943-2F1F13E9C0B6}.Release|Any CPU.ActiveCfg = Release|Any CPU
		{80B9AFA0-F735-477B-A943-2F1F13E9C0B6}.Release|Any CPU.Build.0 = Release|Any CPU
		{0B275AA8-1659-4F25-B7A7-12DC9CAC6982}.Debug|Any CPU.ActiveCfg = Debug|Any CPU
		{0B275AA8-1659-4F25-B7A7-12DC9CAC6982}.Debug|Any CPU.Build.0 = Debug|Any CPU
		{0B275AA8-1659-4F25-B7A7-12DC9CAC6982}.Release|Any CPU.ActiveCfg = Release|Any CPU
		{0B275AA8-1659-4F25-B7A7-12DC9CAC6982}.Release|Any CPU.Build.0 = Release|Any CPU
		{F2AC0861-B774-4881-9845-9BEFCEC79C2F}.Debug|Any CPU.ActiveCfg = Debug|Any CPU
		{F2AC0861-B774-4881-9845-9BEFCEC79C2F}.Debug|Any CPU.Build.0 = Debug|Any CPU
		{F2AC0861-B774-4881-9845-9BEFCEC79C2F}.Release|Any CPU.ActiveCfg = Release|Any CPU
		{F2AC0861-B774-4881-9845-9BEFCEC79C2F}.Release|Any CPU.Build.0 = Release|Any CPU
		{53BE12C0-A619-42A4-A172-14DFF6FAD179}.Debug|Any CPU.ActiveCfg = Debug|Any CPU
		{53BE12C0-A619-42A4-A172-14DFF6FAD179}.Debug|Any CPU.Build.0 = Debug|Any CPU
		{53BE12C0-A619-42A4-A172-14DFF6FAD179}.Release|Any CPU.ActiveCfg = Release|Any CPU
		{53BE12C0-A619-42A4-A172-14DFF6FAD179}.Release|Any CPU.Build.0 = Release|Any CPU
		{C9E0A684-BF87-474D-909D-FF5E84433F92}.Debug|Any CPU.ActiveCfg = Debug|Any CPU
		{C9E0A684-BF87-474D-909D-FF5E84433F92}.Debug|Any CPU.Build.0 = Debug|Any CPU
		{C9E0A684-BF87-474D-909D-FF5E84433F92}.Release|Any CPU.ActiveCfg = Release|Any CPU
		{C9E0A684-BF87-474D-909D-FF5E84433F92}.Release|Any CPU.Build.0 = Release|Any CPU
		{4244C4B0-A69D-4C0E-883A-AF8DF9B16CA6}.Debug|Any CPU.ActiveCfg = Debug|Any CPU
		{4244C4B0-A69D-4C0E-883A-AF8DF9B16CA6}.Debug|Any CPU.Build.0 = Debug|Any CPU
		{4244C4B0-A69D-4C0E-883A-AF8DF9B16CA6}.Release|Any CPU.ActiveCfg = Release|Any CPU
		{4244C4B0-A69D-4C0E-883A-AF8DF9B16CA6}.Release|Any CPU.Build.0 = Release|Any CPU
		{EFBBEC1B-C278-4D93-99D6-6640B78EE7CD}.Debug|Any CPU.ActiveCfg = Debug|Any CPU
		{EFBBEC1B-C278-4D93-99D6-6640B78EE7CD}.Debug|Any CPU.Build.0 = Debug|Any CPU
		{EFBBEC1B-C278-4D93-99D6-6640B78EE7CD}.Release|Any CPU.ActiveCfg = Release|Any CPU
		{EFBBEC1B-C278-4D93-99D6-6640B78EE7CD}.Release|Any CPU.Build.0 = Release|Any CPU
		{829CED9E-4BD6-4039-AA8C-4B303EBDD22A}.Debug|Any CPU.ActiveCfg = Debug|Any CPU
		{829CED9E-4BD6-4039-AA8C-4B303EBDD22A}.Debug|Any CPU.Build.0 = Debug|Any CPU
		{829CED9E-4BD6-4039-AA8C-4B303EBDD22A}.Release|Any CPU.ActiveCfg = Release|Any CPU
		{829CED9E-4BD6-4039-AA8C-4B303EBDD22A}.Release|Any CPU.Build.0 = Release|Any CPU
		{FDA2B3D8-23BD-42AB-B93A-91F9309B1DD7}.Debug|Any CPU.ActiveCfg = Debug|Any CPU
		{FDA2B3D8-23BD-42AB-B93A-91F9309B1DD7}.Debug|Any CPU.Build.0 = Debug|Any CPU
		{FDA2B3D8-23BD-42AB-B93A-91F9309B1DD7}.Release|Any CPU.ActiveCfg = Release|Any CPU
		{FDA2B3D8-23BD-42AB-B93A-91F9309B1DD7}.Release|Any CPU.Build.0 = Release|Any CPU
		{874F7C0A-A491-40AD-A17F-36805ACF9DBD}.Debug|Any CPU.ActiveCfg = Debug|Any CPU
		{874F7C0A-A491-40AD-A17F-36805ACF9DBD}.Debug|Any CPU.Build.0 = Debug|Any CPU
		{874F7C0A-A491-40AD-A17F-36805ACF9DBD}.Release|Any CPU.ActiveCfg = Release|Any CPU
		{874F7C0A-A491-40AD-A17F-36805ACF9DBD}.Release|Any CPU.Build.0 = Release|Any CPU
		{0DC661B9-B69E-41D7-AFD2-1C00E2EA36AF}.Debug|Any CPU.ActiveCfg = Debug|Any CPU
		{0DC661B9-B69E-41D7-AFD2-1C00E2EA36AF}.Debug|Any CPU.Build.0 = Debug|Any CPU
		{0DC661B9-B69E-41D7-AFD2-1C00E2EA36AF}.Release|Any CPU.ActiveCfg = Release|Any CPU
		{0DC661B9-B69E-41D7-AFD2-1C00E2EA36AF}.Release|Any CPU.Build.0 = Release|Any CPU
		{D6094101-36B6-4425-B4BA-05AA32FFE76B}.Debug|Any CPU.ActiveCfg = Debug|Any CPU
		{D6094101-36B6-4425-B4BA-05AA32FFE76B}.Debug|Any CPU.Build.0 = Debug|Any CPU
		{D6094101-36B6-4425-B4BA-05AA32FFE76B}.Release|Any CPU.ActiveCfg = Release|Any CPU
		{D6094101-36B6-4425-B4BA-05AA32FFE76B}.Release|Any CPU.Build.0 = Release|Any CPU
	EndGlobalSection
	GlobalSection(SolutionProperties) = preSolution
		HideSolutionNode = FALSE
	EndGlobalSection
	GlobalSection(ExtensibilityGlobals) = postSolution
		SolutionGuid = {8528791B-BCA8-4D95-ACC7-775437FB2DBD}
	EndGlobalSection
EndGlobal
